// !$*UTF8*$!
{
	archiveVersion = 1;
	classes = {
	};
	objectVersion = 54;
	objects = {

/* Begin PBXBuildFile section */
		0607078E2AB67F9F00127E1C /* DateManagerClass.swift in Sources */ = {isa = PBXBuildFile; fileRef = 0607078D2AB67F9F00127E1C /* DateManagerClass.swift */; };
		061E603E2B3704E70040C74D /* TestManager.swift in Sources */ = {isa = PBXBuildFile; fileRef = 061E603D2B3704E70040C74D /* TestManager.swift */; };
		061E60402B3B3C9B0040C74D /* LoginView.swift in Sources */ = {isa = PBXBuildFile; fileRef = 061E603F2B3B3C9B0040C74D /* LoginView.swift */; };
		0636FAE52ABA51BD00745795 /* Tests.swift in Sources */ = {isa = PBXBuildFile; fileRef = 0636FAE42ABA51BD00745795 /* Tests.swift */; };
		0636FAE72ABB24F000745795 /* AddIncomeView.swift in Sources */ = {isa = PBXBuildFile; fileRef = 0636FAE62ABB24F000745795 /* AddIncomeView.swift */; };
		0636FAE92ABB5F8800745795 /* BarChartView.swift in Sources */ = {isa = PBXBuildFile; fileRef = 0636FAE82ABB5F8800745795 /* BarChartView.swift */; };
		0636FAEB2ABB8EE400745795 /* ExpenseInfoView.swift in Sources */ = {isa = PBXBuildFile; fileRef = 0636FAEA2ABB8EE400745795 /* ExpenseInfoView.swift */; };
		0640C2742AAD3E8F0090A525 /* AppDelegate.swift in Sources */ = {isa = PBXBuildFile; fileRef = 0640C2732AAD3E8F0090A525 /* AppDelegate.swift */; };
		0640C2762AAD3E8F0090A525 /* SceneDelegate.swift in Sources */ = {isa = PBXBuildFile; fileRef = 0640C2752AAD3E8F0090A525 /* SceneDelegate.swift */; };
		0640C2782AAD3E8F0090A525 /* ContentView.swift in Sources */ = {isa = PBXBuildFile; fileRef = 0640C2772AAD3E8F0090A525 /* ContentView.swift */; };
		0640C27A2AAD3EB10090A525 /* Assets.xcassets in Resources */ = {isa = PBXBuildFile; fileRef = 0640C2792AAD3EB10090A525 /* Assets.xcassets */; };
		0640C27D2AAD3EB10090A525 /* Preview Assets.xcassets in Resources */ = {isa = PBXBuildFile; fileRef = 0640C27C2AAD3EB10090A525 /* Preview Assets.xcassets */; };
		0640C2802AAD3EB10090A525 /* LaunchScreen.storyboard in Resources */ = {isa = PBXBuildFile; fileRef = 0640C27E2AAD3EB10090A525 /* LaunchScreen.storyboard */; };
		0640C2892AADE48F0090A525 /* PieSliceView.swift in Sources */ = {isa = PBXBuildFile; fileRef = 0640C2882AADE48F0090A525 /* PieSliceView.swift */; };
		0640C28C2AADE90C0090A525 /* PieChartView.swift in Sources */ = {isa = PBXBuildFile; fileRef = 0640C28B2AADE90C0090A525 /* PieChartView.swift */; };
		0640C28F2AAE22840090A525 /* AddExpenseView.swift in Sources */ = {isa = PBXBuildFile; fileRef = 0640C28E2AAE22840090A525 /* AddExpenseView.swift */; };
		0676EA732B17656800DD7A32 /* IncomeManagerClass.swift in Sources */ = {isa = PBXBuildFile; fileRef = 0676EA722B17656800DD7A32 /* IncomeManagerClass.swift */; };
		0676EA752B176C4200DD7A32 /* IncomeComparisonChart.swift in Sources */ = {isa = PBXBuildFile; fileRef = 0676EA742B176C4200DD7A32 /* IncomeComparisonChart.swift */; };
		0676EA772B177AC200DD7A32 /* IncomeInfoView.swift in Sources */ = {isa = PBXBuildFile; fileRef = 0676EA762B177AC200DD7A32 /* IncomeInfoView.swift */; };
		0676EA792B190E6B00DD7A32 /* CategoryManagerClass.swift in Sources */ = {isa = PBXBuildFile; fileRef = 0676EA782B190E6B00DD7A32 /* CategoryManagerClass.swift */; };
		0676EA7B2B1A635F00DD7A32 /* AddLimitView.swift in Sources */ = {isa = PBXBuildFile; fileRef = 0676EA7A2B1A635F00DD7A32 /* AddLimitView.swift */; };
		0676EA7D2B1B5CEB00DD7A32 /* MonthlyPaymentManagerClass.swift in Sources */ = {isa = PBXBuildFile; fileRef = 0676EA7C2B1B5CEB00DD7A32 /* MonthlyPaymentManagerClass.swift */; };
		0676EA832B1DFC8500DD7A32 /* LimitBarChart.swift in Sources */ = {isa = PBXBuildFile; fileRef = 0676EA822B1DFC8500DD7A32 /* LimitBarChart.swift */; };
		06A281E42B04F7EB00F1F151 /* DebtInfoView.swift in Sources */ = {isa = PBXBuildFile; fileRef = 06A281E32B04F7EB00F1F151 /* DebtInfoView.swift */; };
		06A281E62B04F86200F1F151 /* DebtManagerClass.swift in Sources */ = {isa = PBXBuildFile; fileRef = 06A281E52B04F86200F1F151 /* DebtManagerClass.swift */; };
		06A281E82B04FD8D00F1F151 /* AddDebtView.swift in Sources */ = {isa = PBXBuildFile; fileRef = 06A281E72B04FD8D00F1F151 /* AddDebtView.swift */; };
		06B2213C2B32108400EF945F /* Realm in Frameworks */ = {isa = PBXBuildFile; productRef = 06B2213B2B32108400EF945F /* Realm */; };
		06B2213E2B32108400EF945F /* RealmSwift in Frameworks */ = {isa = PBXBuildFile; productRef = 06B2213D2B32108400EF945F /* RealmSwift */; };
		06B221412B32220900EF945F /* ExpenseObject.swift in Sources */ = {isa = PBXBuildFile; fileRef = 06B221402B32220900EF945F /* ExpenseObject.swift */; };
		06C7D5CB2AC07DB10083F83E /* ExpenseComparisonView.swift in Sources */ = {isa = PBXBuildFile; fileRef = 06C7D5CA2AC07DB10083F83E /* ExpenseComparisonView.swift */; };
		06D9A5552AC6264300DA8921 /* ComparisonBarChartView.swift in Sources */ = {isa = PBXBuildFile; fileRef = 06D9A5542AC6264300DA8921 /* ComparisonBarChartView.swift */; };
		06D9A5572ACC53DB00DA8921 /* MonthlyPaymentsView.swift in Sources */ = {isa = PBXBuildFile; fileRef = 06D9A5562ACC53DB00DA8921 /* MonthlyPaymentsView.swift */; };
		06E666252AAF85AB00434EE4 /* MoneyManagerClass.swift in Sources */ = {isa = PBXBuildFile; fileRef = 06E666242AAF85AB00434EE4 /* MoneyManagerClass.swift */; };
		06E666282AB1C82F00434EE4 /* FilterExpenseView.swift in Sources */ = {isa = PBXBuildFile; fileRef = 06E666272AB1C82F00434EE4 /* FilterExpenseView.swift */; };
		06FAF9062B23CB4C00D0F70B /* CategoryInfoView.swift in Sources */ = {isa = PBXBuildFile; fileRef = 06FAF9052B23CB4C00D0F70B /* CategoryInfoView.swift */; };
		06FAF9082B24013900D0F70B /* LimitEditView.swift in Sources */ = {isa = PBXBuildFile; fileRef = 06FAF9072B24013900D0F70B /* LimitEditView.swift */; };
/* End PBXBuildFile section */

/* Begin PBXFileReference section */
		0607078D2AB67F9F00127E1C /* DateManagerClass.swift */ = {isa = PBXFileReference; lastKnownFileType = sourcecode.swift; path = DateManagerClass.swift; sourceTree = "<group>"; };
		061E603D2B3704E70040C74D /* TestManager.swift */ = {isa = PBXFileReference; lastKnownFileType = sourcecode.swift; path = TestManager.swift; sourceTree = "<group>"; };
		061E603F2B3B3C9B0040C74D /* LoginView.swift */ = {isa = PBXFileReference; lastKnownFileType = sourcecode.swift; path = LoginView.swift; sourceTree = "<group>"; };
		0636FAE42ABA51BD00745795 /* Tests.swift */ = {isa = PBXFileReference; lastKnownFileType = sourcecode.swift; path = Tests.swift; sourceTree = "<group>"; };
		0636FAE62ABB24F000745795 /* AddIncomeView.swift */ = {isa = PBXFileReference; lastKnownFileType = sourcecode.swift; path = AddIncomeView.swift; sourceTree = "<group>"; };
		0636FAE82ABB5F8800745795 /* BarChartView.swift */ = {isa = PBXFileReference; lastKnownFileType = sourcecode.swift; path = BarChartView.swift; sourceTree = "<group>"; };
		0636FAEA2ABB8EE400745795 /* ExpenseInfoView.swift */ = {isa = PBXFileReference; lastKnownFileType = sourcecode.swift; path = ExpenseInfoView.swift; sourceTree = "<group>"; };
		0640C2702AAD3E8F0090A525 /* ExpenseTracker.app */ = {isa = PBXFileReference; explicitFileType = wrapper.application; includeInIndex = 0; path = ExpenseTracker.app; sourceTree = BUILT_PRODUCTS_DIR; };
		0640C2732AAD3E8F0090A525 /* AppDelegate.swift */ = {isa = PBXFileReference; lastKnownFileType = sourcecode.swift; path = AppDelegate.swift; sourceTree = "<group>"; };
		0640C2752AAD3E8F0090A525 /* SceneDelegate.swift */ = {isa = PBXFileReference; lastKnownFileType = sourcecode.swift; path = SceneDelegate.swift; sourceTree = "<group>"; };
		0640C2772AAD3E8F0090A525 /* ContentView.swift */ = {isa = PBXFileReference; lastKnownFileType = sourcecode.swift; path = ContentView.swift; sourceTree = "<group>"; };
		0640C2792AAD3EB10090A525 /* Assets.xcassets */ = {isa = PBXFileReference; lastKnownFileType = folder.assetcatalog; path = Assets.xcassets; sourceTree = "<group>"; };
		0640C27C2AAD3EB10090A525 /* Preview Assets.xcassets */ = {isa = PBXFileReference; lastKnownFileType = folder.assetcatalog; path = "Preview Assets.xcassets"; sourceTree = "<group>"; };
		0640C27F2AAD3EB10090A525 /* Base */ = {isa = PBXFileReference; lastKnownFileType = file.storyboard; name = Base; path = Base.lproj/LaunchScreen.storyboard; sourceTree = "<group>"; };
		0640C2812AAD3EB10090A525 /* Info.plist */ = {isa = PBXFileReference; lastKnownFileType = text.plist.xml; path = Info.plist; sourceTree = "<group>"; };
		0640C2882AADE48F0090A525 /* PieSliceView.swift */ = {isa = PBXFileReference; lastKnownFileType = sourcecode.swift; path = PieSliceView.swift; sourceTree = "<group>"; };
		0640C28B2AADE90C0090A525 /* PieChartView.swift */ = {isa = PBXFileReference; lastKnownFileType = sourcecode.swift; path = PieChartView.swift; sourceTree = "<group>"; };
		0640C28E2AAE22840090A525 /* AddExpenseView.swift */ = {isa = PBXFileReference; lastKnownFileType = sourcecode.swift; path = AddExpenseView.swift; sourceTree = "<group>"; };
		0676EA722B17656800DD7A32 /* IncomeManagerClass.swift */ = {isa = PBXFileReference; lastKnownFileType = sourcecode.swift; path = IncomeManagerClass.swift; sourceTree = "<group>"; };
		0676EA742B176C4200DD7A32 /* IncomeComparisonChart.swift */ = {isa = PBXFileReference; lastKnownFileType = sourcecode.swift; path = IncomeComparisonChart.swift; sourceTree = "<group>"; };
		0676EA762B177AC200DD7A32 /* IncomeInfoView.swift */ = {isa = PBXFileReference; lastKnownFileType = sourcecode.swift; path = IncomeInfoView.swift; sourceTree = "<group>"; };
		0676EA782B190E6B00DD7A32 /* CategoryManagerClass.swift */ = {isa = PBXFileReference; lastKnownFileType = sourcecode.swift; path = CategoryManagerClass.swift; sourceTree = "<group>"; };
		0676EA7A2B1A635F00DD7A32 /* AddLimitView.swift */ = {isa = PBXFileReference; lastKnownFileType = sourcecode.swift; path = AddLimitView.swift; sourceTree = "<group>"; };
		0676EA7C2B1B5CEB00DD7A32 /* MonthlyPaymentManagerClass.swift */ = {isa = PBXFileReference; lastKnownFileType = sourcecode.swift; path = MonthlyPaymentManagerClass.swift; sourceTree = "<group>"; };
		0676EA822B1DFC8500DD7A32 /* LimitBarChart.swift */ = {isa = PBXFileReference; lastKnownFileType = sourcecode.swift; path = LimitBarChart.swift; sourceTree = "<group>"; };
		06A281E32B04F7EB00F1F151 /* DebtInfoView.swift */ = {isa = PBXFileReference; lastKnownFileType = sourcecode.swift; path = DebtInfoView.swift; sourceTree = "<group>"; };
		06A281E52B04F86200F1F151 /* DebtManagerClass.swift */ = {isa = PBXFileReference; lastKnownFileType = sourcecode.swift; path = DebtManagerClass.swift; sourceTree = "<group>"; };
		06A281E72B04FD8D00F1F151 /* AddDebtView.swift */ = {isa = PBXFileReference; lastKnownFileType = sourcecode.swift; path = AddDebtView.swift; sourceTree = "<group>"; };
		06B221402B32220900EF945F /* ExpenseObject.swift */ = {isa = PBXFileReference; lastKnownFileType = sourcecode.swift; path = ExpenseObject.swift; sourceTree = "<group>"; };
		06C7D5CA2AC07DB10083F83E /* ExpenseComparisonView.swift */ = {isa = PBXFileReference; lastKnownFileType = sourcecode.swift; path = ExpenseComparisonView.swift; sourceTree = "<group>"; };
		06D9A5542AC6264300DA8921 /* ComparisonBarChartView.swift */ = {isa = PBXFileReference; lastKnownFileType = sourcecode.swift; path = ComparisonBarChartView.swift; sourceTree = "<group>"; };
		06D9A5562ACC53DB00DA8921 /* MonthlyPaymentsView.swift */ = {isa = PBXFileReference; lastKnownFileType = sourcecode.swift; path = MonthlyPaymentsView.swift; sourceTree = "<group>"; };
		06E666242AAF85AB00434EE4 /* MoneyManagerClass.swift */ = {isa = PBXFileReference; lastKnownFileType = sourcecode.swift; path = MoneyManagerClass.swift; sourceTree = "<group>"; };
		06E666272AB1C82F00434EE4 /* FilterExpenseView.swift */ = {isa = PBXFileReference; lastKnownFileType = sourcecode.swift; path = FilterExpenseView.swift; sourceTree = "<group>"; };
		06FAF9052B23CB4C00D0F70B /* CategoryInfoView.swift */ = {isa = PBXFileReference; lastKnownFileType = sourcecode.swift; path = CategoryInfoView.swift; sourceTree = "<group>"; };
		06FAF9072B24013900D0F70B /* LimitEditView.swift */ = {isa = PBXFileReference; lastKnownFileType = sourcecode.swift; path = LimitEditView.swift; sourceTree = "<group>"; };
/* End PBXFileReference section */

/* Begin PBXFrameworksBuildPhase section */
		0640C26D2AAD3E8F0090A525 /* Frameworks */ = {
			isa = PBXFrameworksBuildPhase;
			buildActionMask = 2147483647;
			files = (
				06B2213E2B32108400EF945F /* RealmSwift in Frameworks */,
				06B2213C2B32108400EF945F /* Realm in Frameworks */,
			);
			runOnlyForDeploymentPostprocessing = 0;
		};
/* End PBXFrameworksBuildPhase section */

/* Begin PBXGroup section */
		0640C2672AAD3E8F0090A525 = {
			isa = PBXGroup;
			children = (
				0636FAE42ABA51BD00745795 /* Tests.swift */,
				06B2213F2B3221EA00EF945F /* Objects */,
				0640C2722AAD3E8F0090A525 /* ExpenseTracker */,
				0640C2712AAD3E8F0090A525 /* Products */,
			);
			sourceTree = "<group>";
		};
		0640C2712AAD3E8F0090A525 /* Products */ = {
			isa = PBXGroup;
			children = (
				0640C2702AAD3E8F0090A525 /* ExpenseTracker.app */,
			);
			name = Products;
			sourceTree = "<group>";
		};
		0640C2722AAD3E8F0090A525 /* ExpenseTracker */ = {
			isa = PBXGroup;
			children = (
				0640C2732AAD3E8F0090A525 /* AppDelegate.swift */,
				06E666272AB1C82F00434EE4 /* FilterExpenseView.swift */,
				0636FAE82ABB5F8800745795 /* BarChartView.swift */,
				0640C2752AAD3E8F0090A525 /* SceneDelegate.swift */,
				0640C2772AAD3E8F0090A525 /* ContentView.swift */,
				061E603F2B3B3C9B0040C74D /* LoginView.swift */,
				0676EA812B1CD4A900DD7A32 /* Income */,
				0676EA7E2B1CD3F900DD7A32 /* Expenses */,
				0676EA7F2B1CD43B00DD7A32 /* Debts */,
				0676EA802B1CD46000DD7A32 /* Categories */,
				0607078D2AB67F9F00127E1C /* DateManagerClass.swift */,
				0640C2882AADE48F0090A525 /* PieSliceView.swift */,
				0640C28B2AADE90C0090A525 /* PieChartView.swift */,
				0640C2792AAD3EB10090A525 /* Assets.xcassets */,
				0640C27E2AAD3EB10090A525 /* LaunchScreen.storyboard */,
				0640C2812AAD3EB10090A525 /* Info.plist */,
				0640C27B2AAD3EB10090A525 /* Preview Content */,
			);
			path = ExpenseTracker;
			sourceTree = "<group>";
		};
		0640C27B2AAD3EB10090A525 /* Preview Content */ = {
			isa = PBXGroup;
			children = (
				0640C27C2AAD3EB10090A525 /* Preview Assets.xcassets */,
			);
			path = "Preview Content";
			sourceTree = "<group>";
		};
		0676EA7E2B1CD3F900DD7A32 /* Expenses */ = {
			isa = PBXGroup;
			children = (
				0676EA7C2B1B5CEB00DD7A32 /* MonthlyPaymentManagerClass.swift */,
				06D9A5542AC6264300DA8921 /* ComparisonBarChartView.swift */,
				06D9A5562ACC53DB00DA8921 /* MonthlyPaymentsView.swift */,
				0636FAEA2ABB8EE400745795 /* ExpenseInfoView.swift */,
				0640C28E2AAE22840090A525 /* AddExpenseView.swift */,
				06E666242AAF85AB00434EE4 /* MoneyManagerClass.swift */,
				061E603D2B3704E70040C74D /* TestManager.swift */,
				06C7D5CA2AC07DB10083F83E /* ExpenseComparisonView.swift */,
			);
			name = Expenses;
			sourceTree = "<group>";
		};
		0676EA7F2B1CD43B00DD7A32 /* Debts */ = {
			isa = PBXGroup;
			children = (
				06A281E32B04F7EB00F1F151 /* DebtInfoView.swift */,
				06A281E72B04FD8D00F1F151 /* AddDebtView.swift */,
				06A281E52B04F86200F1F151 /* DebtManagerClass.swift */,
			);
			name = Debts;
			sourceTree = "<group>";
		};
		0676EA802B1CD46000DD7A32 /* Categories */ = {
			isa = PBXGroup;
			children = (
				0676EA7A2B1A635F00DD7A32 /* AddLimitView.swift */,
				06FAF9052B23CB4C00D0F70B /* CategoryInfoView.swift */,
				0676EA782B190E6B00DD7A32 /* CategoryManagerClass.swift */,
				0676EA822B1DFC8500DD7A32 /* LimitBarChart.swift */,
				06FAF9072B24013900D0F70B /* LimitEditView.swift */,
			);
			name = Categories;
			sourceTree = "<group>";
		};
		0676EA812B1CD4A900DD7A32 /* Income */ = {
			isa = PBXGroup;
			children = (
				0676EA762B177AC200DD7A32 /* IncomeInfoView.swift */,
				0676EA742B176C4200DD7A32 /* IncomeComparisonChart.swift */,
				0676EA722B17656800DD7A32 /* IncomeManagerClass.swift */,
				0636FAE62ABB24F000745795 /* AddIncomeView.swift */,
			);
			name = Income;
			sourceTree = "<group>";
		};
		06B2213F2B3221EA00EF945F /* Objects */ = {
			isa = PBXGroup;
			children = (
				06B221402B32220900EF945F /* ExpenseObject.swift */,
			);
			path = Objects;
			sourceTree = "<group>";
		};
/* End PBXGroup section */

/* Begin PBXNativeTarget section */
		0640C26F2AAD3E8F0090A525 /* ExpenseTracker */ = {
			isa = PBXNativeTarget;
			buildConfigurationList = 0640C2842AAD3EB10090A525 /* Build configuration list for PBXNativeTarget "ExpenseTracker" */;
			buildPhases = (
				0640C26C2AAD3E8F0090A525 /* Sources */,
				0640C26D2AAD3E8F0090A525 /* Frameworks */,
				0640C26E2AAD3E8F0090A525 /* Resources */,
			);
			buildRules = (
			);
			dependencies = (
			);
			name = ExpenseTracker;
			packageProductDependencies = (
				06B2213B2B32108400EF945F /* Realm */,
				06B2213D2B32108400EF945F /* RealmSwift */,
			);
			productName = ExpenseTracker;
			productReference = 0640C2702AAD3E8F0090A525 /* ExpenseTracker.app */;
			productType = "com.apple.product-type.application";
		};
/* End PBXNativeTarget section */

/* Begin PBXProject section */
		0640C2682AAD3E8F0090A525 /* Project object */ = {
			isa = PBXProject;
			attributes = {
				LastSwiftUpdateCheck = 1230;
				LastUpgradeCheck = 1230;
				TargetAttributes = {
					0640C26F2AAD3E8F0090A525 = {
						CreatedOnToolsVersion = 12.3;
					};
				};
			};
			buildConfigurationList = 0640C26B2AAD3E8F0090A525 /* Build configuration list for PBXProject "ExpenseTracker" */;
			compatibilityVersion = "Xcode 9.3";
			developmentRegion = en;
			hasScannedForEncodings = 0;
			knownRegions = (
				en,
				Base,
			);
			mainGroup = 0640C2672AAD3E8F0090A525;
			packageReferences = (
				06B2213A2B32108400EF945F /* XCRemoteSwiftPackageReference "realm-swift" */,
			);
			productRefGroup = 0640C2712AAD3E8F0090A525 /* Products */;
			projectDirPath = "";
			projectRoot = "";
			targets = (
				0640C26F2AAD3E8F0090A525 /* ExpenseTracker */,
			);
		};
/* End PBXProject section */

/* Begin PBXResourcesBuildPhase section */
		0640C26E2AAD3E8F0090A525 /* Resources */ = {
			isa = PBXResourcesBuildPhase;
			buildActionMask = 2147483647;
			files = (
				0640C2802AAD3EB10090A525 /* LaunchScreen.storyboard in Resources */,
				0640C27D2AAD3EB10090A525 /* Preview Assets.xcassets in Resources */,
				0640C27A2AAD3EB10090A525 /* Assets.xcassets in Resources */,
			);
			runOnlyForDeploymentPostprocessing = 0;
		};
/* End PBXResourcesBuildPhase section */

/* Begin PBXSourcesBuildPhase section */
		0640C26C2AAD3E8F0090A525 /* Sources */ = {
			isa = PBXSourcesBuildPhase;
			buildActionMask = 2147483647;
			files = (
				06A281E62B04F86200F1F151 /* DebtManagerClass.swift in Sources */,
				0640C2742AAD3E8F0090A525 /* AppDelegate.swift in Sources */,
				0636FAE52ABA51BD00745795 /* Tests.swift in Sources */,
				0676EA772B177AC200DD7A32 /* IncomeInfoView.swift in Sources */,
				06C7D5CB2AC07DB10083F83E /* ExpenseComparisonView.swift in Sources */,
				0636FAEB2ABB8EE400745795 /* ExpenseInfoView.swift in Sources */,
				0607078E2AB67F9F00127E1C /* DateManagerClass.swift in Sources */,
				0640C28C2AADE90C0090A525 /* PieChartView.swift in Sources */,
				0640C2762AAD3E8F0090A525 /* SceneDelegate.swift in Sources */,
				06E666282AB1C82F00434EE4 /* FilterExpenseView.swift in Sources */,
				0676EA732B17656800DD7A32 /* IncomeManagerClass.swift in Sources */,
				06D9A5552AC6264300DA8921 /* ComparisonBarChartView.swift in Sources */,
				0676EA792B190E6B00DD7A32 /* CategoryManagerClass.swift in Sources */,
				0640C28F2AAE22840090A525 /* AddExpenseView.swift in Sources */,
				0676EA7D2B1B5CEB00DD7A32 /* MonthlyPaymentManagerClass.swift in Sources */,
				0676EA752B176C4200DD7A32 /* IncomeComparisonChart.swift in Sources */,
				0676EA832B1DFC8500DD7A32 /* LimitBarChart.swift in Sources */,
				0640C2892AADE48F0090A525 /* PieSliceView.swift in Sources */,
				06FAF9082B24013900D0F70B /* LimitEditView.swift in Sources */,
				061E603E2B3704E70040C74D /* TestManager.swift in Sources */,
				06FAF9062B23CB4C00D0F70B /* CategoryInfoView.swift in Sources */,
				06A281E42B04F7EB00F1F151 /* DebtInfoView.swift in Sources */,
				061E60402B3B3C9B0040C74D /* LoginView.swift in Sources */,
				0676EA7B2B1A635F00DD7A32 /* AddLimitView.swift in Sources */,
				06D9A5572ACC53DB00DA8921 /* MonthlyPaymentsView.swift in Sources */,
				0640C2782AAD3E8F0090A525 /* ContentView.swift in Sources */,
				06B221412B32220900EF945F /* ExpenseObject.swift in Sources */,
				06E666252AAF85AB00434EE4 /* MoneyManagerClass.swift in Sources */,
				0636FAE72ABB24F000745795 /* AddIncomeView.swift in Sources */,
				0636FAE92ABB5F8800745795 /* BarChartView.swift in Sources */,
				06A281E82B04FD8D00F1F151 /* AddDebtView.swift in Sources */,
			);
			runOnlyForDeploymentPostprocessing = 0;
		};
/* End PBXSourcesBuildPhase section */

/* Begin PBXVariantGroup section */
		0640C27E2AAD3EB10090A525 /* LaunchScreen.storyboard */ = {
			isa = PBXVariantGroup;
			children = (
				0640C27F2AAD3EB10090A525 /* Base */,
			);
			name = LaunchScreen.storyboard;
			sourceTree = "<group>";
		};
/* End PBXVariantGroup section */

/* Begin XCBuildConfiguration section */
		0640C2822AAD3EB10090A525 /* Debug */ = {
			isa = XCBuildConfiguration;
			buildSettings = {
				ALWAYS_SEARCH_USER_PATHS = NO;
				CLANG_ANALYZER_NONNULL = YES;
				CLANG_ANALYZER_NUMBER_OBJECT_CONVERSION = YES_AGGRESSIVE;
				CLANG_CXX_LANGUAGE_STANDARD = "gnu++14";
				CLANG_CXX_LIBRARY = "libc++";
				CLANG_ENABLE_MODULES = YES;
				CLANG_ENABLE_OBJC_ARC = YES;
				CLANG_ENABLE_OBJC_WEAK = YES;
				CLANG_WARN_BLOCK_CAPTURE_AUTORELEASING = YES;
				CLANG_WARN_BOOL_CONVERSION = YES;
				CLANG_WARN_COMMA = YES;
				CLANG_WARN_CONSTANT_CONVERSION = YES;
				CLANG_WARN_DEPRECATED_OBJC_IMPLEMENTATIONS = YES;
				CLANG_WARN_DIRECT_OBJC_ISA_USAGE = YES_ERROR;
				CLANG_WARN_DOCUMENTATION_COMMENTS = YES;
				CLANG_WARN_EMPTY_BODY = YES;
				CLANG_WARN_ENUM_CONVERSION = YES;
				CLANG_WARN_INFINITE_RECURSION = YES;
				CLANG_WARN_INT_CONVERSION = YES;
				CLANG_WARN_NON_LITERAL_NULL_CONVERSION = YES;
				CLANG_WARN_OBJC_IMPLICIT_RETAIN_SELF = YES;
				CLANG_WARN_OBJC_LITERAL_CONVERSION = YES;
				CLANG_WARN_OBJC_ROOT_CLASS = YES_ERROR;
				CLANG_WARN_QUOTED_INCLUDE_IN_FRAMEWORK_HEADER = YES;
				CLANG_WARN_RANGE_LOOP_ANALYSIS = YES;
				CLANG_WARN_STRICT_PROTOTYPES = YES;
				CLANG_WARN_SUSPICIOUS_MOVE = YES;
				CLANG_WARN_UNGUARDED_AVAILABILITY = YES_AGGRESSIVE;
				CLANG_WARN_UNREACHABLE_CODE = YES;
				CLANG_WARN__DUPLICATE_METHOD_MATCH = YES;
				COPY_PHASE_STRIP = NO;
				DEBUG_INFORMATION_FORMAT = dwarf;
				ENABLE_STRICT_OBJC_MSGSEND = YES;
				ENABLE_TESTABILITY = YES;
				GCC_C_LANGUAGE_STANDARD = gnu11;
				GCC_DYNAMIC_NO_PIC = NO;
				GCC_NO_COMMON_BLOCKS = YES;
				GCC_OPTIMIZATION_LEVEL = 0;
				GCC_PREPROCESSOR_DEFINITIONS = (
					"DEBUG=1",
					"$(inherited)",
				);
				GCC_WARN_64_TO_32_BIT_CONVERSION = YES;
				GCC_WARN_ABOUT_RETURN_TYPE = YES_ERROR;
				GCC_WARN_UNDECLARED_SELECTOR = YES;
				GCC_WARN_UNINITIALIZED_AUTOS = YES_AGGRESSIVE;
				GCC_WARN_UNUSED_FUNCTION = YES;
				GCC_WARN_UNUSED_VARIABLE = YES;
				IPHONEOS_DEPLOYMENT_TARGET = 14.3;
				MTL_ENABLE_DEBUG_INFO = INCLUDE_SOURCE;
				MTL_FAST_MATH = YES;
				ONLY_ACTIVE_ARCH = YES;
				SDKROOT = iphoneos;
				SWIFT_ACTIVE_COMPILATION_CONDITIONS = DEBUG;
				SWIFT_OPTIMIZATION_LEVEL = "-Onone";
			};
			name = Debug;
		};
		0640C2832AAD3EB10090A525 /* Release */ = {
			isa = XCBuildConfiguration;
			buildSettings = {
				ALWAYS_SEARCH_USER_PATHS = NO;
				CLANG_ANALYZER_NONNULL = YES;
				CLANG_ANALYZER_NUMBER_OBJECT_CONVERSION = YES_AGGRESSIVE;
				CLANG_CXX_LANGUAGE_STANDARD = "gnu++14";
				CLANG_CXX_LIBRARY = "libc++";
				CLANG_ENABLE_MODULES = YES;
				CLANG_ENABLE_OBJC_ARC = YES;
				CLANG_ENABLE_OBJC_WEAK = YES;
				CLANG_WARN_BLOCK_CAPTURE_AUTORELEASING = YES;
				CLANG_WARN_BOOL_CONVERSION = YES;
				CLANG_WARN_COMMA = YES;
				CLANG_WARN_CONSTANT_CONVERSION = YES;
				CLANG_WARN_DEPRECATED_OBJC_IMPLEMENTATIONS = YES;
				CLANG_WARN_DIRECT_OBJC_ISA_USAGE = YES_ERROR;
				CLANG_WARN_DOCUMENTATION_COMMENTS = YES;
				CLANG_WARN_EMPTY_BODY = YES;
				CLANG_WARN_ENUM_CONVERSION = YES;
				CLANG_WARN_INFINITE_RECURSION = YES;
				CLANG_WARN_INT_CONVERSION = YES;
				CLANG_WARN_NON_LITERAL_NULL_CONVERSION = YES;
				CLANG_WARN_OBJC_IMPLICIT_RETAIN_SELF = YES;
				CLANG_WARN_OBJC_LITERAL_CONVERSION = YES;
				CLANG_WARN_OBJC_ROOT_CLASS = YES_ERROR;
				CLANG_WARN_QUOTED_INCLUDE_IN_FRAMEWORK_HEADER = YES;
				CLANG_WARN_RANGE_LOOP_ANALYSIS = YES;
				CLANG_WARN_STRICT_PROTOTYPES = YES;
				CLANG_WARN_SUSPICIOUS_MOVE = YES;
				CLANG_WARN_UNGUARDED_AVAILABILITY = YES_AGGRESSIVE;
				CLANG_WARN_UNREACHABLE_CODE = YES;
				CLANG_WARN__DUPLICATE_METHOD_MATCH = YES;
				COPY_PHASE_STRIP = NO;
				DEBUG_INFORMATION_FORMAT = "dwarf-with-dsym";
				ENABLE_NS_ASSERTIONS = NO;
				ENABLE_STRICT_OBJC_MSGSEND = YES;
				GCC_C_LANGUAGE_STANDARD = gnu11;
				GCC_NO_COMMON_BLOCKS = YES;
				GCC_WARN_64_TO_32_BIT_CONVERSION = YES;
				GCC_WARN_ABOUT_RETURN_TYPE = YES_ERROR;
				GCC_WARN_UNDECLARED_SELECTOR = YES;
				GCC_WARN_UNINITIALIZED_AUTOS = YES_AGGRESSIVE;
				GCC_WARN_UNUSED_FUNCTION = YES;
				GCC_WARN_UNUSED_VARIABLE = YES;
				IPHONEOS_DEPLOYMENT_TARGET = 14.3;
				MTL_ENABLE_DEBUG_INFO = NO;
				MTL_FAST_MATH = YES;
				SDKROOT = iphoneos;
				SWIFT_COMPILATION_MODE = wholemodule;
				SWIFT_OPTIMIZATION_LEVEL = "-O";
				VALIDATE_PRODUCT = YES;
			};
			name = Release;
		};
		0640C2852AAD3EB10090A525 /* Debug */ = {
			isa = XCBuildConfiguration;
			buildSettings = {
				ASSETCATALOG_COMPILER_APPICON_NAME = AppIcon;
				ASSETCATALOG_COMPILER_GLOBAL_ACCENT_COLOR_NAME = AccentColor;
				CODE_SIGN_STYLE = Automatic;
				DEVELOPMENT_ASSET_PATHS = "\"ExpenseTracker/Preview Content\"";
				DEVELOPMENT_TEAM = H673MS9QFD;
				ENABLE_PREVIEWS = YES;
				INFOPLIST_FILE = ExpenseTracker/Info.plist;
				IPHONEOS_DEPLOYMENT_TARGET = 16.0;
				LD_RUNPATH_SEARCH_PATHS = (
					"$(inherited)",
					"@executable_path/Frameworks",
				);
				PRODUCT_BUNDLE_IDENTIFIER = despacito.ExpenseTracker;
				PRODUCT_NAME = "$(TARGET_NAME)";
				SWIFT_VERSION = 5.0;
				TARGETED_DEVICE_FAMILY = "1,2";
			};
			name = Debug;
		};
		0640C2862AAD3EB10090A525 /* Release */ = {
			isa = XCBuildConfiguration;
			buildSettings = {
				ASSETCATALOG_COMPILER_APPICON_NAME = AppIcon;
				ASSETCATALOG_COMPILER_GLOBAL_ACCENT_COLOR_NAME = AccentColor;
				CODE_SIGN_STYLE = Automatic;
				DEVELOPMENT_ASSET_PATHS = "\"ExpenseTracker/Preview Content\"";
				DEVELOPMENT_TEAM = H673MS9QFD;
				ENABLE_PREVIEWS = YES;
				INFOPLIST_FILE = ExpenseTracker/Info.plist;
				IPHONEOS_DEPLOYMENT_TARGET = 16.0;
				LD_RUNPATH_SEARCH_PATHS = (
					"$(inherited)",
					"@executable_path/Frameworks",
				);
				PRODUCT_BUNDLE_IDENTIFIER = despacito.ExpenseTracker;
				PRODUCT_NAME = "$(TARGET_NAME)";
				SWIFT_VERSION = 5.0;
				TARGETED_DEVICE_FAMILY = "1,2";
			};
			name = Release;
		};
/* End XCBuildConfiguration section */

/* Begin XCConfigurationList section */
		0640C26B2AAD3E8F0090A525 /* Build configuration list for PBXProject "ExpenseTracker" */ = {
			isa = XCConfigurationList;
			buildConfigurations = (
				0640C2822AAD3EB10090A525 /* Debug */,
				0640C2832AAD3EB10090A525 /* Release */,
			);
			defaultConfigurationIsVisible = 0;
			defaultConfigurationName = Release;
		};
		0640C2842AAD3EB10090A525 /* Build configuration list for PBXNativeTarget "ExpenseTracker" */ = {
			isa = XCConfigurationList;
			buildConfigurations = (
				0640C2852AAD3EB10090A525 /* Debug */,
				0640C2862AAD3EB10090A525 /* Release */,
			);
			defaultConfigurationIsVisible = 0;
			defaultConfigurationName = Release;
		};
/* End XCConfigurationList section */

/* Begin XCRemoteSwiftPackageReference section */
		06B2213A2B32108400EF945F /* XCRemoteSwiftPackageReference "realm-swift" */ = {
			isa = XCRemoteSwiftPackageReference;
			repositoryURL = "https://github.com/realm/realm-swift.git";
			requirement = {
				branch = master;
				kind = branch;
			};
		};
/* End XCRemoteSwiftPackageReference section */

/* Begin XCSwiftPackageProductDependency section */
		06B2213B2B32108400EF945F /* Realm */ = {
			isa = XCSwiftPackageProductDependency;
			package = 06B2213A2B32108400EF945F /* XCRemoteSwiftPackageReference "realm-swift" */;
			productName = Realm;
		};
		06B2213D2B32108400EF945F /* RealmSwift */ = {
			isa = XCSwiftPackageProductDependency;
			package = 06B2213A2B32108400EF945F /* XCRemoteSwiftPackageReference "realm-swift" */;
			productName = RealmSwift;
		};
/* End XCSwiftPackageProductDependency section */
	};
	rootObject = 0640C2682AAD3E8F0090A525 /* Project object */;
}
